
Microsoft Visual Studio Solution File, Format Version 12.00
# Visual Studio Version 18
VisualStudioVersion = 18.5.11506.17
MinimumVisualStudioVersion = 10.0.40219.1
Project("{9A19103F-16F7-4668-BE54-9A1E7A4F7556}") = "PrivateGalleryCreator", "src\PrivateGalleryCreator.csproj", "{DD03A4CA-D07C-4F94-B819-AF0367356BBB}"
EndProject
Project("{2150E333-8FDC-42A3-9474-1A3956D46DE8}") = "test", "test", "{0C88DD14-F956-CE84-757C-A364CCF449FC}"
EndProject
Project("{FAE04EC0-301F-11D3-BF4B-00C04F79EFBC}") = "PrivateGalleryCreator.Tests", "test\PrivateGalleryCreator.Tests.csproj", "{CE0C2968-4973-4A5B-BFF0-7DEEFA4DCDFA}"
EndProject
Project("{2150E333-8FDC-42A3-9474-1A3956D46DE8}") = "src", "src", "{827E0CD3-B72D-47B6-A68D-7590B98EB39B}"
EndProject
Global
	GlobalSection(SolutionConfigurationPlatforms) = preSolution
		Debug|Any CPU = Debug|Any CPU
		Debug|x64 = Debug|x64
		Debug|x86 = Debug|x86
		Release|Any CPU = Release|Any CPU
		Release|x64 = Release|x64
		Release|x86 = Release|x86
	EndGlobalSection
	GlobalSection(ProjectConfigurationPlatforms) = postSolution
		{DD03A4CA-D07C-4F94-B819-AF0367356BBB}.Debug|Any CPU.ActiveCfg = Debug|Any CPU
		{DD03A4CA-D07C-4F94-B819-AF0367356BBB}.Debug|Any CPU.Build.0 = Debug|Any CPU
		{DD03A4CA-D07C-4F94-B819-AF0367356BBB}.Debug|x64.ActiveCfg = Debug|Any CPU
		{DD03A4CA-D07C-4F94-B819-AF0367356BBB}.Debug|x64.Build.0 = Debug|Any CPU
		{DD03A4CA-D07C-4F94-B819-AF0367356BBB}.Debug|x86.ActiveCfg = Debug|Any CPU
		{DD03A4CA-D07C-4F94-B819-AF0367356BBB}.Debug|x86.Build.0 = Debug|Any CPU
		{DD03A4CA-D07C-4F94-B819-AF0367356BBB}.Release|Any CPU.ActiveCfg = Release|Any CPU
		{DD03A4CA-D07C-4F94-B819-AF0367356BBB}.Release|Any CPU.Build.0 = Release|Any CPU
		{DD03A4CA-D07C-4F94-B819-AF0367356BBB}.Release|x64.ActiveCfg = Release|Any CPU
		{DD03A4CA-D07C-4F94-B819-AF0367356BBB}.Release|x64.Build.0 = Release|Any CPU
		{DD03A4CA-D07C-4F94-B819-AF0367356BBB}.Release|x86.ActiveCfg = Release|Any CPU
		{DD03A4CA-D07C-4F94-B819-AF0367356BBB}.Release|x86.Build.0 = Release|Any CPU
		{CE0C2968-4973-4A5B-BFF0-7DEEFA4DCDFA}.Debug|Any CPU.ActiveCfg = Debug|Any CPU
		{CE0C2968-4973-4A5B-BFF0-7DEEFA4DCDFA}.Debug|Any CPU.Build.0 = Debug|Any CPU
		{CE0C2968-4973-4A5B-BFF0-7DEEFA4DCDFA}.Debug|x64.ActiveCfg = Debug|Any CPU
		{CE0C2968-4973-4A5B-BFF0-7DEEFA4DCDFA}.Debug|x64.Build.0 = Debug|Any CPU
		{CE0C2968-4973-4A5B-BFF0-7DEEFA4DCDFA}.Debug|x86.ActiveCfg = Debug|Any CPU
		{CE0C2968-4973-4A5B-BFF0-7DEEFA4DCDFA}.Debug|x86.Build.0 = Debug|Any CPU
		{CE0C2968-4973-4A5B-BFF0-7DEEFA4DCDFA}.Release|Any CPU.ActiveCfg = Release|Any CPU
		{CE0C2968-4973-4A5B-BFF0-7DEEFA4DCDFA}.Release|Any CPU.Build.0 = Release|Any CPU
		{CE0C2968-4973-4A5B-BFF0-7DEEFA4DCDFA}.Release|x64.ActiveCfg = Release|Any CPU
		{CE0C2968-4973-4A5B-BFF0-7DEEFA4DCDFA}.Release|x64.Build.0 = Release|Any CPU
		{CE0C2968-4973-4A5B-BFF0-7DEEFA4DCDFA}.Release|x86.ActiveCfg = Release|Any CPU
		{CE0C2968-4973-4A5B-BFF0-7DEEFA4DCDFA}.Release|x86.Build.0 = Release|Any CPU
	EndGlobalSection
	GlobalSection(SolutionProperties) = preSolution
		HideSolutionNode = FALSE
	EndGlobalSection
	GlobalSection(ExtensibilityGlobals) = postSolution
		SolutionGuid = {5F35FD35-8279-4F33-A9A1-A4DD17E4F69C}
	EndGlobalSection
EndGlobal
