
Microsoft Visual Studio Solution File, Format Version 12.00
# Visual Studio 15
VisualStudioVersion = 15.0.27203.3000
MinimumVisualStudioVersion = 10.0.40219.1
Project("{FAE04EC0-301F-11D3-BF4B-00C04F79EFBC}") = "PrivateGalleryCreator", "PrivateGalleryCreator\PrivateGalleryCreator.csproj", "{DD03A4CA-D07C-4F94-B819-AF0367356BBB}"
EndProject
Global
	GlobalSection(SolutionConfigurationPlatforms) = preSolution
		Debug|Any CPU = Debug|Any CPU
		Release|Any CPU = Release|Any CPU
	EndGlobalSection
	GlobalSection(ProjectConfigurationPlatforms) = postSolution
		{DD03A4CA-D07C-4F94-B819-AF0367356BBB}.Debug|Any CPU.ActiveCfg = Debug|Any CPU
		{DD03A4CA-D07C-4F94-B819-AF0367356BBB}.Debug|Any CPU.Build.0 = Debug|Any CPU
		{DD03A4CA-D07C-4F94-B819-AF0367356BBB}.Release|Any CPU.ActiveCfg = Release|Any CPU
		{DD03A4CA-D07C-4F94-B819-AF0367356BBB}.Release|Any CPU.Build.0 = Release|Any CPU
	EndGlobalSection
	GlobalSection(SolutionProperties) = preSolution
		HideSolutionNode = FALSE
	EndGlobalSection
	GlobalSection(ExtensibilityGlobals) = postSolution
		SolutionGuid = {5F35FD35-8279-4F33-A9A1-A4DD17E4F69C}
	EndGlobalSection
EndGlobal
